# EmpireAI tooling.lock — v2.1.0
# Tracks contract tooling versions for reproducibility.
#
# This file is referenced by the YAML parse gate and spec-writer-guide.
# Currently minimal — expand as contract tooling grows.

contract_format_version: "2.1.0"
yaml_parser: "pyyaml >= 6.0"
schema_validator: "jsonschema >= 4.0"
